{
  "name": "defer.php",
  "lockfileVersion": 2,
  "requires": true,
  "packages": {
    "": {
      "name": "defer.php",
      "license": "MIT",
      "devDependencies": {
        "@shinsenter/defer.js": "^3.4"
      }
    },
    "node_modules/@shinsenter/defer.js": {
      "version": "3.4.0",
      "resolved": "https://registry.npmjs.org/@shinsenter/defer.js/-/defer.js-3.4.0.tgz",
      "integrity": "sha512-QP+QxJarOGwf4FldYFAvxkUpTr7kyBOHUXFGRIafy2/p22OmcFYP69JjW53f08kUzTr1TesF8zRHY7mbV9h5vQ==",
      "dev": true,
      "funding": [
        {
          "type": "github",
          "url": "https://code.shin.company/defer.js/stargazers"
        },
        {
          "type": "paypal",
          "url": "https://www.patreon.com/appseeds"
        },
        {
          "type": "patreon",
          "url": "https://www.patreon.com/shinsenter"
        }
      ]
    }
  },
  "dependencies": {
    "@shinsenter/defer.js": {
      "version": "3.4.0",
      "resolved": "https://registry.npmjs.org/@shinsenter/defer.js/-/defer.js-3.4.0.tgz",
      "integrity": "sha512-QP+QxJarOGwf4FldYFAvxkUpTr7kyBOHUXFGRIafy2/p22OmcFYP69JjW53f08kUzTr1TesF8zRHY7mbV9h5vQ==",
      "dev": true
    }
  }
}
