{
  "name": "defer.php",
  "lockfileVersion": 2,
  "requires": true,
  "packages": {
    "": {
      "name": "defer.php",
      "license": "MIT",
      "devDependencies": {
        "@shinsenter/defer.js": "^3.1"
      }
    },
    "node_modules/@shinsenter/defer.js": {
      "version": "3.1.0",
      "resolved": "https://registry.npmjs.org/@shinsenter/defer.js/-/defer.js-3.1.0.tgz",
      "integrity": "sha512-gUkEvc86YtJpPOxUFrKOV5d6Ax00PA/Aa9dCaF4pe4zlSA3qpwlbx2ozPcoR4RWjl+HV+oaUsUJbxKDA+8A9rw==",
      "dev": true,
      "funding": [
        {
          "type": "github",
          "url": "https://code.shin.company/defer.js/stargazers"
        },
        {
          "type": "paypal",
          "url": "https://www.patreon.com/appseeds"
        },
        {
          "type": "patreon",
          "url": "https://www.patreon.com/shinsenter"
        }
      ]
    }
  },
  "dependencies": {
    "@shinsenter/defer.js": {
      "version": "3.1.0",
      "resolved": "https://registry.npmjs.org/@shinsenter/defer.js/-/defer.js-3.1.0.tgz",
      "integrity": "sha512-gUkEvc86YtJpPOxUFrKOV5d6Ax00PA/Aa9dCaF4pe4zlSA3qpwlbx2ozPcoR4RWjl+HV+oaUsUJbxKDA+8A9rw==",
      "dev": true
    }
  }
}
