{
  "name": "defer.php",
  "lockfileVersion": 2,
  "requires": true,
  "packages": {
    "": {
      "license": "MIT",
      "dependencies": {
        "@shinsenter/defer.js": "^2.4.1"
      }
    },
    "node_modules/@shinsenter/defer.js": {
      "version": "2.4.1",
      "resolved": "https://registry.npmjs.org/@shinsenter/defer.js/-/defer.js-2.4.1.tgz",
      "integrity": "sha512-/WFC4OI+kCUqEaSy3PuFCFsWe0TdcAWWx4eztptpqaGENZHViOvJyqnN7fEoL3ZNLxDQWQPadZNXlUUNdnioyw==",
      "funding": [
        {
          "type": "github",
          "url": "https://github.com/shinsenter/defer.js/stargazers"
        },
        {
          "type": "paypal",
          "url": "https://www.patreon.com/appseeds"
        },
        {
          "type": "patreon",
          "url": "https://www.patreon.com/shinsenter"
        }
      ]
    }
  },
  "dependencies": {
    "@shinsenter/defer.js": {
      "version": "2.4.1",
      "resolved": "https://registry.npmjs.org/@shinsenter/defer.js/-/defer.js-2.4.1.tgz",
      "integrity": "sha512-/WFC4OI+kCUqEaSy3PuFCFsWe0TdcAWWx4eztptpqaGENZHViOvJyqnN7fEoL3ZNLxDQWQPadZNXlUUNdnioyw=="
    }
  }
}
